// !$*UTF8*$!
{
	archiveVersion = 1;
	classes = {
	};
	objectVersion = 56;
	objects = {

/* Begin PBXBuildFile section */
		0223C1632B849EE500606B1F /* LoginController.swift in Sources */ = {isa = PBXBuildFile; fileRef = 0223C1622B849EE500606B1F /* LoginController.swift */; };
		0223C1652B849EF900606B1F /* RegisterController.swift in Sources */ = {isa = PBXBuildFile; fileRef = 0223C1642B849EF900606B1F /* RegisterController.swift */; };
		0223C1672B84A18900606B1F /* GoogleService-Info.plist in Resources */ = {isa = PBXBuildFile; fileRef = 0223C1662B84A18900606B1F /* GoogleService-Info.plist */; };
		0223C16A2B84A26D00606B1F /* FirebaseAnalytics in Frameworks */ = {isa = PBXBuildFile; productRef = 0223C1692B84A26D00606B1F /* FirebaseAnalytics */; };
		0223C16C2B84A26D00606B1F /* FirebaseAnalyticsOnDeviceConversion in Frameworks */ = {isa = PBXBuildFile; productRef = 0223C16B2B84A26D00606B1F /* FirebaseAnalyticsOnDeviceConversion */; };
		0223C16E2B84A26D00606B1F /* FirebaseAnalyticsSwift in Frameworks */ = {isa = PBXBuildFile; productRef = 0223C16D2B84A26D00606B1F /* FirebaseAnalyticsSwift */; };
		0223C1702B84A26D00606B1F /* FirebaseAnalyticsWithoutAdIdSupport in Frameworks */ = {isa = PBXBuildFile; productRef = 0223C16F2B84A26D00606B1F /* FirebaseAnalyticsWithoutAdIdSupport */; };
		0223C1722B84A26D00606B1F /* FirebaseAppCheck in Frameworks */ = {isa = PBXBuildFile; productRef = 0223C1712B84A26D00606B1F /* FirebaseAppCheck */; };
		0223C1742B84A26D00606B1F /* FirebaseAppDistribution-Beta in Frameworks */ = {isa = PBXBuildFile; productRef = 0223C1732B84A26D00606B1F /* FirebaseAppDistribution-Beta */; };
		0223C1762B84A26E00606B1F /* FirebaseAuth in Frameworks */ = {isa = PBXBuildFile; productRef = 0223C1752B84A26E00606B1F /* FirebaseAuth */; };
		0223C1782B84A26E00606B1F /* FirebaseAuthCombine-Community in Frameworks */ = {isa = PBXBuildFile; productRef = 0223C1772B84A26E00606B1F /* FirebaseAuthCombine-Community */; };
		0223C17A2B84A26E00606B1F /* FirebaseCrashlytics in Frameworks */ = {isa = PBXBuildFile; productRef = 0223C1792B84A26E00606B1F /* FirebaseCrashlytics */; };
		0223C17C2B84A26E00606B1F /* FirebaseDatabase in Frameworks */ = {isa = PBXBuildFile; productRef = 0223C17B2B84A26E00606B1F /* FirebaseDatabase */; };
		0223C17E2B84A26E00606B1F /* FirebaseDatabaseSwift in Frameworks */ = {isa = PBXBuildFile; productRef = 0223C17D2B84A26E00606B1F /* FirebaseDatabaseSwift */; };
		0223C1802B84A26E00606B1F /* FirebaseDynamicLinks in Frameworks */ = {isa = PBXBuildFile; productRef = 0223C17F2B84A26E00606B1F /* FirebaseDynamicLinks */; };
		0223C1822B84A26E00606B1F /* FirebaseFirestore in Frameworks */ = {isa = PBXBuildFile; productRef = 0223C1812B84A26E00606B1F /* FirebaseFirestore */; };
		0223C1842B84A26E00606B1F /* FirebaseFirestoreCombine-Community in Frameworks */ = {isa = PBXBuildFile; productRef = 0223C1832B84A26E00606B1F /* FirebaseFirestoreCombine-Community */; };
		0223C1862B84A26E00606B1F /* FirebaseFirestoreSwift in Frameworks */ = {isa = PBXBuildFile; productRef = 0223C1852B84A26E00606B1F /* FirebaseFirestoreSwift */; };
		0223C1882B84A26E00606B1F /* FirebaseFunctions in Frameworks */ = {isa = PBXBuildFile; productRef = 0223C1872B84A26E00606B1F /* FirebaseFunctions */; };
		0223C18A2B84A26E00606B1F /* FirebaseFunctionsCombine-Community in Frameworks */ = {isa = PBXBuildFile; productRef = 0223C1892B84A26E00606B1F /* FirebaseFunctionsCombine-Community */; };
		0223C18C2B84A26E00606B1F /* FirebaseInAppMessaging-Beta in Frameworks */ = {isa = PBXBuildFile; productRef = 0223C18B2B84A26E00606B1F /* FirebaseInAppMessaging-Beta */; };
		0223C18E2B84A26E00606B1F /* FirebaseInAppMessagingSwift-Beta in Frameworks */ = {isa = PBXBuildFile; productRef = 0223C18D2B84A26E00606B1F /* FirebaseInAppMessagingSwift-Beta */; };
		0223C1902B84A26E00606B1F /* FirebaseInstallations in Frameworks */ = {isa = PBXBuildFile; productRef = 0223C18F2B84A26E00606B1F /* FirebaseInstallations */; };
		0223C1922B84A26E00606B1F /* FirebaseMLModelDownloader in Frameworks */ = {isa = PBXBuildFile; productRef = 0223C1912B84A26E00606B1F /* FirebaseMLModelDownloader */; };
		0223C1942B84A26E00606B1F /* FirebaseMessaging in Frameworks */ = {isa = PBXBuildFile; productRef = 0223C1932B84A26E00606B1F /* FirebaseMessaging */; };
		0223C1962B84A26E00606B1F /* FirebasePerformance in Frameworks */ = {isa = PBXBuildFile; productRef = 0223C1952B84A26E00606B1F /* FirebasePerformance */; };
		0223C1982B84A26E00606B1F /* FirebaseRemoteConfig in Frameworks */ = {isa = PBXBuildFile; productRef = 0223C1972B84A26E00606B1F /* FirebaseRemoteConfig */; };
		0223C19A2B84A26E00606B1F /* FirebaseRemoteConfigSwift in Frameworks */ = {isa = PBXBuildFile; productRef = 0223C1992B84A26E00606B1F /* FirebaseRemoteConfigSwift */; };
		0223C19C2B84A26E00606B1F /* FirebaseStorage in Frameworks */ = {isa = PBXBuildFile; productRef = 0223C19B2B84A26E00606B1F /* FirebaseStorage */; };
		0223C19E2B84A26E00606B1F /* FirebaseStorageCombine-Community in Frameworks */ = {isa = PBXBuildFile; productRef = 0223C19D2B84A26E00606B1F /* FirebaseStorageCombine-Community */; };
		026627942B847CC600C3F4A2 /* AppDelegate.swift in Sources */ = {isa = PBXBuildFile; fileRef = 026627932B847CC600C3F4A2 /* AppDelegate.swift */; };
		026627962B847CC600C3F4A2 /* SceneDelegate.swift in Sources */ = {isa = PBXBuildFile; fileRef = 026627952B847CC600C3F4A2 /* SceneDelegate.swift */; };
		026627982B847CC600C3F4A2 /* ViewController.swift in Sources */ = {isa = PBXBuildFile; fileRef = 026627972B847CC600C3F4A2 /* ViewController.swift */; };
		0266279B2B847CC600C3F4A2 /* Main.storyboard in Resources */ = {isa = PBXBuildFile; fileRef = 026627992B847CC600C3F4A2 /* Main.storyboard */; };
		0266279D2B847CC800C3F4A2 /* Assets.xcassets in Resources */ = {isa = PBXBuildFile; fileRef = 0266279C2B847CC800C3F4A2 /* Assets.xcassets */; };
		026627A02B847CC800C3F4A2 /* LaunchScreen.storyboard in Resources */ = {isa = PBXBuildFile; fileRef = 0266279E2B847CC800C3F4A2 /* LaunchScreen.storyboard */; };
/* End PBXBuildFile section */

/* Begin PBXFileReference section */
		0223C1622B849EE500606B1F /* LoginController.swift */ = {isa = PBXFileReference; lastKnownFileType = sourcecode.swift; path = LoginController.swift; sourceTree = "<group>"; };
		0223C1642B849EF900606B1F /* RegisterController.swift */ = {isa = PBXFileReference; lastKnownFileType = sourcecode.swift; path = RegisterController.swift; sourceTree = "<group>"; };
		0223C1662B84A18900606B1F /* GoogleService-Info.plist */ = {isa = PBXFileReference; fileEncoding = 4; lastKnownFileType = text.plist.xml; name = "GoogleService-Info.plist"; path = "../../../Downloads/GoogleService-Info.plist"; sourceTree = "<group>"; };
		026627902B847CC600C3F4A2 /* GR34PPM.app */ = {isa = PBXFileReference; explicitFileType = wrapper.application; includeInIndex = 0; path = GR34PPM.app; sourceTree = BUILT_PRODUCTS_DIR; };
		026627932B847CC600C3F4A2 /* AppDelegate.swift */ = {isa = PBXFileReference; lastKnownFileType = sourcecode.swift; path = AppDelegate.swift; sourceTree = "<group>"; };
		026627952B847CC600C3F4A2 /* SceneDelegate.swift */ = {isa = PBXFileReference; lastKnownFileType = sourcecode.swift; path = SceneDelegate.swift; sourceTree = "<group>"; };
		026627972B847CC600C3F4A2 /* ViewController.swift */ = {isa = PBXFileReference; lastKnownFileType = sourcecode.swift; path = ViewController.swift; sourceTree = "<group>"; };
		0266279A2B847CC600C3F4A2 /* Base */ = {isa = PBXFileReference; lastKnownFileType = file.storyboard; name = Base; path = Base.lproj/Main.storyboard; sourceTree = "<group>"; };
		0266279C2B847CC800C3F4A2 /* Assets.xcassets */ = {isa = PBXFileReference; lastKnownFileType = folder.assetcatalog; path = Assets.xcassets; sourceTree = "<group>"; };
		0266279F2B847CC800C3F4A2 /* Base */ = {isa = PBXFileReference; lastKnownFileType = file.storyboard; name = Base; path = Base.lproj/LaunchScreen.storyboard; sourceTree = "<group>"; };
		026627A12B847CC800C3F4A2 /* Info.plist */ = {isa = PBXFileReference; lastKnownFileType = text.plist.xml; path = Info.plist; sourceTree = "<group>"; };
/* End PBXFileReference section */

/* Begin PBXFrameworksBuildPhase section */
		0266278D2B847CC600C3F4A2 /* Frameworks */ = {
			isa = PBXFrameworksBuildPhase;
			buildActionMask = 2147483647;
			files = (
				0223C17C2B84A26E00606B1F /* FirebaseDatabase in Frameworks */,
				0223C18A2B84A26E00606B1F /* FirebaseFunctionsCombine-Community in Frameworks */,
				0223C1822B84A26E00606B1F /* FirebaseFirestore in Frameworks */,
				0223C16E2B84A26D00606B1F /* FirebaseAnalyticsSwift in Frameworks */,
				0223C16A2B84A26D00606B1F /* FirebaseAnalytics in Frameworks */,
				0223C16C2B84A26D00606B1F /* FirebaseAnalyticsOnDeviceConversion in Frameworks */,
				0223C1922B84A26E00606B1F /* FirebaseMLModelDownloader in Frameworks */,
				0223C1862B84A26E00606B1F /* FirebaseFirestoreSwift in Frameworks */,
				0223C1722B84A26D00606B1F /* FirebaseAppCheck in Frameworks */,
				0223C1702B84A26D00606B1F /* FirebaseAnalyticsWithoutAdIdSupport in Frameworks */,
				0223C1762B84A26E00606B1F /* FirebaseAuth in Frameworks */,
				0223C17A2B84A26E00606B1F /* FirebaseCrashlytics in Frameworks */,
				0223C19A2B84A26E00606B1F /* FirebaseRemoteConfigSwift in Frameworks */,
				0223C18C2B84A26E00606B1F /* FirebaseInAppMessaging-Beta in Frameworks */,
				0223C17E2B84A26E00606B1F /* FirebaseDatabaseSwift in Frameworks */,
				0223C1882B84A26E00606B1F /* FirebaseFunctions in Frameworks */,
				0223C19E2B84A26E00606B1F /* FirebaseStorageCombine-Community in Frameworks */,
				0223C1982B84A26E00606B1F /* FirebaseRemoteConfig in Frameworks */,
				0223C1742B84A26D00606B1F /* FirebaseAppDistribution-Beta in Frameworks */,
				0223C1782B84A26E00606B1F /* FirebaseAuthCombine-Community in Frameworks */,
				0223C1962B84A26E00606B1F /* FirebasePerformance in Frameworks */,
				0223C18E2B84A26E00606B1F /* FirebaseInAppMessagingSwift-Beta in Frameworks */,
				0223C19C2B84A26E00606B1F /* FirebaseStorage in Frameworks */,
				0223C1802B84A26E00606B1F /* FirebaseDynamicLinks in Frameworks */,
				0223C1842B84A26E00606B1F /* FirebaseFirestoreCombine-Community in Frameworks */,
				0223C1942B84A26E00606B1F /* FirebaseMessaging in Frameworks */,
				0223C1902B84A26E00606B1F /* FirebaseInstallations in Frameworks */,
			);
			runOnlyForDeploymentPostprocessing = 0;
		};
/* End PBXFrameworksBuildPhase section */

/* Begin PBXGroup section */
		026627872B847CC600C3F4A2 = {
			isa = PBXGroup;
			children = (
				026627922B847CC600C3F4A2 /* GR34PPM */,
				026627912B847CC600C3F4A2 /* Products */,
			);
			sourceTree = "<group>";
		};
		026627912B847CC600C3F4A2 /* Products */ = {
			isa = PBXGroup;
			children = (
				026627902B847CC600C3F4A2 /* GR34PPM.app */,
			);
			name = Products;
			sourceTree = "<group>";
		};
		026627922B847CC600C3F4A2 /* GR34PPM */ = {
			isa = PBXGroup;
			children = (
				026627932B847CC600C3F4A2 /* AppDelegate.swift */,
				026627952B847CC600C3F4A2 /* SceneDelegate.swift */,
				026627972B847CC600C3F4A2 /* ViewController.swift */,
				026627992B847CC600C3F4A2 /* Main.storyboard */,
				0223C1622B849EE500606B1F /* LoginController.swift */,
				0223C1642B849EF900606B1F /* RegisterController.swift */,
				0266279C2B847CC800C3F4A2 /* Assets.xcassets */,
				0266279E2B847CC800C3F4A2 /* LaunchScreen.storyboard */,
				026627A12B847CC800C3F4A2 /* Info.plist */,
				0223C1662B84A18900606B1F /* GoogleService-Info.plist */,
			);
			path = GR34PPM;
			sourceTree = "<group>";
		};
/* End PBXGroup section */

/* Begin PBXNativeTarget section */
		0266278F2B847CC600C3F4A2 /* GR34PPM */ = {
			isa = PBXNativeTarget;
			buildConfigurationList = 026627A42B847CC800C3F4A2 /* Build configuration list for PBXNativeTarget "GR34PPM" */;
			buildPhases = (
				0266278C2B847CC600C3F4A2 /* Sources */,
				0266278D2B847CC600C3F4A2 /* Frameworks */,
				0266278E2B847CC600C3F4A2 /* Resources */,
			);
			buildRules = (
			);
			dependencies = (
			);
			name = GR34PPM;
			packageProductDependencies = (
				0223C1692B84A26D00606B1F /* FirebaseAnalytics */,
				0223C16B2B84A26D00606B1F /* FirebaseAnalyticsOnDeviceConversion */,
				0223C16D2B84A26D00606B1F /* FirebaseAnalyticsSwift */,
				0223C16F2B84A26D00606B1F /* FirebaseAnalyticsWithoutAdIdSupport */,
				0223C1712B84A26D00606B1F /* FirebaseAppCheck */,
				0223C1732B84A26D00606B1F /* FirebaseAppDistribution-Beta */,
				0223C1752B84A26E00606B1F /* FirebaseAuth */,
				0223C1772B84A26E00606B1F /* FirebaseAuthCombine-Community */,
				0223C1792B84A26E00606B1F /* FirebaseCrashlytics */,
				0223C17B2B84A26E00606B1F /* FirebaseDatabase */,
				0223C17D2B84A26E00606B1F /* FirebaseDatabaseSwift */,
				0223C17F2B84A26E00606B1F /* FirebaseDynamicLinks */,
				0223C1812B84A26E00606B1F /* FirebaseFirestore */,
				0223C1832B84A26E00606B1F /* FirebaseFirestoreCombine-Community */,
				0223C1852B84A26E00606B1F /* FirebaseFirestoreSwift */,
				0223C1872B84A26E00606B1F /* FirebaseFunctions */,
				0223C1892B84A26E00606B1F /* FirebaseFunctionsCombine-Community */,
				0223C18B2B84A26E00606B1F /* FirebaseInAppMessaging-Beta */,
				0223C18D2B84A26E00606B1F /* FirebaseInAppMessagingSwift-Beta */,
				0223C18F2B84A26E00606B1F /* FirebaseInstallations */,
				0223C1912B84A26E00606B1F /* FirebaseMLModelDownloader */,
				0223C1932B84A26E00606B1F /* FirebaseMessaging */,
				0223C1952B84A26E00606B1F /* FirebasePerformance */,
				0223C1972B84A26E00606B1F /* FirebaseRemoteConfig */,
				0223C1992B84A26E00606B1F /* FirebaseRemoteConfigSwift */,
				0223C19B2B84A26E00606B1F /* FirebaseStorage */,
				0223C19D2B84A26E00606B1F /* FirebaseStorageCombine-Community */,
			);
			productName = GR34PPM;
			productReference = 026627902B847CC600C3F4A2 /* GR34PPM.app */;
			productType = "com.apple.product-type.application";
		};
/* End PBXNativeTarget section */

/* Begin PBXProject section */
		026627882B847CC600C3F4A2 /* Project object */ = {
			isa = PBXProject;
			attributes = {
				BuildIndependentTargetsInParallel = 1;
				LastSwiftUpdateCheck = 1520;
				LastUpgradeCheck = 1520;
				TargetAttributes = {
					0266278F2B847CC600C3F4A2 = {
						CreatedOnToolsVersion = 15.2;
					};
				};
			};
			buildConfigurationList = 0266278B2B847CC600C3F4A2 /* Build configuration list for PBXProject "GR34PPM" */;
			compatibilityVersion = "Xcode 14.0";
			developmentRegion = en;
			hasScannedForEncodings = 0;
			knownRegions = (
				en,
				Base,
			);
			mainGroup = 026627872B847CC600C3F4A2;
			packageReferences = (
				0223C1682B84A26D00606B1F /* XCRemoteSwiftPackageReference "firebase-ios-sdk" */,
			);
			productRefGroup = 026627912B847CC600C3F4A2 /* Products */;
			projectDirPath = "";
			projectRoot = "";
			targets = (
				0266278F2B847CC600C3F4A2 /* GR34PPM */,
			);
		};
/* End PBXProject section */

/* Begin PBXResourcesBuildPhase section */
		0266278E2B847CC600C3F4A2 /* Resources */ = {
			isa = PBXResourcesBuildPhase;
			buildActionMask = 2147483647;
			files = (
				026627A02B847CC800C3F4A2 /* LaunchScreen.storyboard in Resources */,
				0223C1672B84A18900606B1F /* GoogleService-Info.plist in Resources */,
				0266279D2B847CC800C3F4A2 /* Assets.xcassets in Resources */,
				0266279B2B847CC600C3F4A2 /* Main.storyboard in Resources */,
			);
			runOnlyForDeploymentPostprocessing = 0;
		};
/* End PBXResourcesBuildPhase section */

/* Begin PBXSourcesBuildPhase section */
		0266278C2B847CC600C3F4A2 /* Sources */ = {
			isa = PBXSourcesBuildPhase;
			buildActionMask = 2147483647;
			files = (
				0223C1652B849EF900606B1F /* RegisterController.swift in Sources */,
				026627982B847CC600C3F4A2 /* ViewController.swift in Sources */,
				0223C1632B849EE500606B1F /* LoginController.swift in Sources */,
				026627942B847CC600C3F4A2 /* AppDelegate.swift in Sources */,
				026627962B847CC600C3F4A2 /* SceneDelegate.swift in Sources */,
			);
			runOnlyForDeploymentPostprocessing = 0;
		};
/* End PBXSourcesBuildPhase section */

/* Begin PBXVariantGroup section */
		026627992B847CC600C3F4A2 /* Main.storyboard */ = {
			isa = PBXVariantGroup;
			children = (
				0266279A2B847CC600C3F4A2 /* Base */,
			);
			name = Main.storyboard;
			sourceTree = "<group>";
		};
		0266279E2B847CC800C3F4A2 /* LaunchScreen.storyboard */ = {
			isa = PBXVariantGroup;
			children = (
				0266279F2B847CC800C3F4A2 /* Base */,
			);
			name = LaunchScreen.storyboard;
			sourceTree = "<group>";
		};
/* End PBXVariantGroup section */

/* Begin XCBuildConfiguration section */
		026627A22B847CC800C3F4A2 /* Debug */ = {
			isa = XCBuildConfiguration;
			buildSettings = {
				ALWAYS_SEARCH_USER_PATHS = NO;
				ASSETCATALOG_COMPILER_GENERATE_SWIFT_ASSET_SYMBOL_EXTENSIONS = YES;
				CLANG_ANALYZER_NONNULL = YES;
				CLANG_ANALYZER_NUMBER_OBJECT_CONVERSION = YES_AGGRESSIVE;
				CLANG_CXX_LANGUAGE_STANDARD = "gnu++20";
				CLANG_ENABLE_MODULES = YES;
				CLANG_ENABLE_OBJC_ARC = YES;
				CLANG_ENABLE_OBJC_WEAK = YES;
				CLANG_WARN_BLOCK_CAPTURE_AUTORELEASING = YES;
				CLANG_WARN_BOOL_CONVERSION = YES;
				CLANG_WARN_COMMA = YES;
				CLANG_WARN_CONSTANT_CONVERSION = YES;
				CLANG_WARN_DEPRECATED_OBJC_IMPLEMENTATIONS = YES;
				CLANG_WARN_DIRECT_OBJC_ISA_USAGE = YES_ERROR;
				CLANG_WARN_DOCUMENTATION_COMMENTS = YES;
				CLANG_WARN_EMPTY_BODY = YES;
				CLANG_WARN_ENUM_CONVERSION = YES;
				CLANG_WARN_INFINITE_RECURSION = YES;
				CLANG_WARN_INT_CONVERSION = YES;
				CLANG_WARN_NON_LITERAL_NULL_CONVERSION = YES;
				CLANG_WARN_OBJC_IMPLICIT_RETAIN_SELF = YES;
				CLANG_WARN_OBJC_LITERAL_CONVERSION = YES;
				CLANG_WARN_OBJC_ROOT_CLASS = YES_ERROR;
				CLANG_WARN_QUOTED_INCLUDE_IN_FRAMEWORK_HEADER = YES;
				CLANG_WARN_RANGE_LOOP_ANALYSIS = YES;
				CLANG_WARN_STRICT_PROTOTYPES = YES;
				CLANG_WARN_SUSPICIOUS_MOVE = YES;
				CLANG_WARN_UNGUARDED_AVAILABILITY = YES_AGGRESSIVE;
				CLANG_WARN_UNREACHABLE_CODE = YES;
				CLANG_WARN__DUPLICATE_METHOD_MATCH = YES;
				COPY_PHASE_STRIP = NO;
				DEBUG_INFORMATION_FORMAT = dwarf;
				ENABLE_STRICT_OBJC_MSGSEND = YES;
				ENABLE_TESTABILITY = YES;
				ENABLE_USER_SCRIPT_SANDBOXING = YES;
				GCC_C_LANGUAGE_STANDARD = gnu17;
				GCC_DYNAMIC_NO_PIC = NO;
				GCC_NO_COMMON_BLOCKS = YES;
				GCC_OPTIMIZATION_LEVEL = 0;
				GCC_PREPROCESSOR_DEFINITIONS = (
					"DEBUG=1",
					"$(inherited)",
				);
				GCC_WARN_64_TO_32_BIT_CONVERSION = YES;
				GCC_WARN_ABOUT_RETURN_TYPE = YES_ERROR;
				GCC_WARN_UNDECLARED_SELECTOR = YES;
				GCC_WARN_UNINITIALIZED_AUTOS = YES_AGGRESSIVE;
				GCC_WARN_UNUSED_FUNCTION = YES;
				GCC_WARN_UNUSED_VARIABLE = YES;
				IPHONEOS_DEPLOYMENT_TARGET = 17.2;
				LOCALIZATION_PREFERS_STRING_CATALOGS = YES;
				MTL_ENABLE_DEBUG_INFO = INCLUDE_SOURCE;
				MTL_FAST_MATH = YES;
				ONLY_ACTIVE_ARCH = YES;
				SDKROOT = iphoneos;
				SWIFT_ACTIVE_COMPILATION_CONDITIONS = "DEBUG $(inherited)";
				SWIFT_OPTIMIZATION_LEVEL = "-Onone";
			};
			name = Debug;
		};
		026627A32B847CC800C3F4A2 /* Release */ = {
			isa = XCBuildConfiguration;
			buildSettings = {
				ALWAYS_SEARCH_USER_PATHS = NO;
				ASSETCATALOG_COMPILER_GENERATE_SWIFT_ASSET_SYMBOL_EXTENSIONS = YES;
				CLANG_ANALYZER_NONNULL = YES;
				CLANG_ANALYZER_NUMBER_OBJECT_CONVERSION = YES_AGGRESSIVE;
				CLANG_CXX_LANGUAGE_STANDARD = "gnu++20";
				CLANG_ENABLE_MODULES = YES;
				CLANG_ENABLE_OBJC_ARC = YES;
				CLANG_ENABLE_OBJC_WEAK = YES;
				CLANG_WARN_BLOCK_CAPTURE_AUTORELEASING = YES;
				CLANG_WARN_BOOL_CONVERSION = YES;
				CLANG_WARN_COMMA = YES;
				CLANG_WARN_CONSTANT_CONVERSION = YES;
				CLANG_WARN_DEPRECATED_OBJC_IMPLEMENTATIONS = YES;
				CLANG_WARN_DIRECT_OBJC_ISA_USAGE = YES_ERROR;
				CLANG_WARN_DOCUMENTATION_COMMENTS = YES;
				CLANG_WARN_EMPTY_BODY = YES;
				CLANG_WARN_ENUM_CONVERSION = YES;
				CLANG_WARN_INFINITE_RECURSION = YES;
				CLANG_WARN_INT_CONVERSION = YES;
				CLANG_WARN_NON_LITERAL_NULL_CONVERSION = YES;
				CLANG_WARN_OBJC_IMPLICIT_RETAIN_SELF = YES;
				CLANG_WARN_OBJC_LITERAL_CONVERSION = YES;
				CLANG_WARN_OBJC_ROOT_CLASS = YES_ERROR;
				CLANG_WARN_QUOTED_INCLUDE_IN_FRAMEWORK_HEADER = YES;
				CLANG_WARN_RANGE_LOOP_ANALYSIS = YES;
				CLANG_WARN_STRICT_PROTOTYPES = YES;
				CLANG_WARN_SUSPICIOUS_MOVE = YES;
				CLANG_WARN_UNGUARDED_AVAILABILITY = YES_AGGRESSIVE;
				CLANG_WARN_UNREACHABLE_CODE = YES;
				CLANG_WARN__DUPLICATE_METHOD_MATCH = YES;
				COPY_PHASE_STRIP = NO;
				DEBUG_INFORMATION_FORMAT = "dwarf-with-dsym";
				ENABLE_NS_ASSERTIONS = NO;
				ENABLE_STRICT_OBJC_MSGSEND = YES;
				ENABLE_USER_SCRIPT_SANDBOXING = YES;
				GCC_C_LANGUAGE_STANDARD = gnu17;
				GCC_NO_COMMON_BLOCKS = YES;
				GCC_WARN_64_TO_32_BIT_CONVERSION = YES;
				GCC_WARN_ABOUT_RETURN_TYPE = YES_ERROR;
				GCC_WARN_UNDECLARED_SELECTOR = YES;
				GCC_WARN_UNINITIALIZED_AUTOS = YES_AGGRESSIVE;
				GCC_WARN_UNUSED_FUNCTION = YES;
				GCC_WARN_UNUSED_VARIABLE = YES;
				IPHONEOS_DEPLOYMENT_TARGET = 17.2;
				LOCALIZATION_PREFERS_STRING_CATALOGS = YES;
				MTL_ENABLE_DEBUG_INFO = NO;
				MTL_FAST_MATH = YES;
				SDKROOT = iphoneos;
				SWIFT_COMPILATION_MODE = wholemodule;
				VALIDATE_PRODUCT = YES;
			};
			name = Release;
		};
		026627A52B847CC800C3F4A2 /* Debug */ = {
			isa = XCBuildConfiguration;
			buildSettings = {
				ASSETCATALOG_COMPILER_APPICON_NAME = AppIcon;
				ASSETCATALOG_COMPILER_GLOBAL_ACCENT_COLOR_NAME = AccentColor;
				CODE_SIGN_STYLE = Automatic;
				CURRENT_PROJECT_VERSION = 1;
				GENERATE_INFOPLIST_FILE = YES;
				INFOPLIST_FILE = GR34PPM/Info.plist;
				INFOPLIST_KEY_UIApplicationSupportsIndirectInputEvents = YES;
				INFOPLIST_KEY_UILaunchStoryboardName = LaunchScreen;
				INFOPLIST_KEY_UIMainStoryboardFile = Main;
				INFOPLIST_KEY_UISupportedInterfaceOrientations_iPad = "UIInterfaceOrientationPortrait UIInterfaceOrientationPortraitUpsideDown UIInterfaceOrientationLandscapeLeft UIInterfaceOrientationLandscapeRight";
				INFOPLIST_KEY_UISupportedInterfaceOrientations_iPhone = "UIInterfaceOrientationPortrait UIInterfaceOrientationLandscapeLeft UIInterfaceOrientationLandscapeRight";
				LD_RUNPATH_SEARCH_PATHS = (
					"$(inherited)",
					"@executable_path/Frameworks",
				);
				MARKETING_VERSION = 1.0;
				PRODUCT_BUNDLE_IDENTIFIER = FIEK.GR34PPM;
				PRODUCT_NAME = "$(TARGET_NAME)";
				SWIFT_EMIT_LOC_STRINGS = YES;
				SWIFT_VERSION = 5.0;
				TARGETED_DEVICE_FAMILY = "1,2";
			};
			name = Debug;
		};
		026627A62B847CC800C3F4A2 /* Release */ = {
			isa = XCBuildConfiguration;
			buildSettings = {
				ASSETCATALOG_COMPILER_APPICON_NAME = AppIcon;
				ASSETCATALOG_COMPILER_GLOBAL_ACCENT_COLOR_NAME = AccentColor;
				CODE_SIGN_STYLE = Automatic;
				CURRENT_PROJECT_VERSION = 1;
				GENERATE_INFOPLIST_FILE = YES;
				INFOPLIST_FILE = GR34PPM/Info.plist;
				INFOPLIST_KEY_UIApplicationSupportsIndirectInputEvents = YES;
				INFOPLIST_KEY_UILaunchStoryboardName = LaunchScreen;
				INFOPLIST_KEY_UIMainStoryboardFile = Main;
				INFOPLIST_KEY_UISupportedInterfaceOrientations_iPad = "UIInterfaceOrientationPortrait UIInterfaceOrientationPortraitUpsideDown UIInterfaceOrientationLandscapeLeft UIInterfaceOrientationLandscapeRight";
				INFOPLIST_KEY_UISupportedInterfaceOrientations_iPhone = "UIInterfaceOrientationPortrait UIInterfaceOrientationLandscapeLeft UIInterfaceOrientationLandscapeRight";
				LD_RUNPATH_SEARCH_PATHS = (
					"$(inherited)",
					"@executable_path/Frameworks",
				);
				MARKETING_VERSION = 1.0;
				PRODUCT_BUNDLE_IDENTIFIER = FIEK.GR34PPM;
				PRODUCT_NAME = "$(TARGET_NAME)";
				SWIFT_EMIT_LOC_STRINGS = YES;
				SWIFT_VERSION = 5.0;
				TARGETED_DEVICE_FAMILY = "1,2";
			};
			name = Release;
		};
/* End XCBuildConfiguration section */

/* Begin XCConfigurationList section */
		0266278B2B847CC600C3F4A2 /* Build configuration list for PBXProject "GR34PPM" */ = {
			isa = XCConfigurationList;
			buildConfigurations = (
				026627A22B847CC800C3F4A2 /* Debug */,
				026627A32B847CC800C3F4A2 /* Release */,
			);
			defaultConfigurationIsVisible = 0;
			defaultConfigurationName = Release;
		};
		026627A42B847CC800C3F4A2 /* Build configuration list for PBXNativeTarget "GR34PPM" */ = {
			isa = XCConfigurationList;
			buildConfigurations = (
				026627A52B847CC800C3F4A2 /* Debug */,
				026627A62B847CC800C3F4A2 /* Release */,
			);
			defaultConfigurationIsVisible = 0;
			defaultConfigurationName = Release;
		};
/* End XCConfigurationList section */

/* Begin XCRemoteSwiftPackageReference section */
		0223C1682B84A26D00606B1F /* XCRemoteSwiftPackageReference "firebase-ios-sdk" */ = {
			isa = XCRemoteSwiftPackageReference;
			repositoryURL = "https://github.com/firebase/firebase-ios-sdk";
			requirement = {
				kind = upToNextMajorVersion;
				minimumVersion = 10.21.0;
			};
		};
/* End XCRemoteSwiftPackageReference section */

/* Begin XCSwiftPackageProductDependency section */
		0223C1692B84A26D00606B1F /* FirebaseAnalytics */ = {
			isa = XCSwiftPackageProductDependency;
			package = 0223C1682B84A26D00606B1F /* XCRemoteSwiftPackageReference "firebase-ios-sdk" */;
			productName = FirebaseAnalytics;
		};
		0223C16B2B84A26D00606B1F /* FirebaseAnalyticsOnDeviceConversion */ = {
			isa = XCSwiftPackageProductDependency;
			package = 0223C1682B84A26D00606B1F /* XCRemoteSwiftPackageReference "firebase-ios-sdk" */;
			productName = FirebaseAnalyticsOnDeviceConversion;
		};
		0223C16D2B84A26D00606B1F /* FirebaseAnalyticsSwift */ = {
			isa = XCSwiftPackageProductDependency;
			package = 0223C1682B84A26D00606B1F /* XCRemoteSwiftPackageReference "firebase-ios-sdk" */;
			productName = FirebaseAnalyticsSwift;
		};
		0223C16F2B84A26D00606B1F /* FirebaseAnalyticsWithoutAdIdSupport */ = {
			isa = XCSwiftPackageProductDependency;
			package = 0223C1682B84A26D00606B1F /* XCRemoteSwiftPackageReference "firebase-ios-sdk" */;
			productName = FirebaseAnalyticsWithoutAdIdSupport;
		};
		0223C1712B84A26D00606B1F /* FirebaseAppCheck */ = {
			isa = XCSwiftPackageProductDependency;
			package = 0223C1682B84A26D00606B1F /* XCRemoteSwiftPackageReference "firebase-ios-sdk" */;
			productName = FirebaseAppCheck;
		};
		0223C1732B84A26D00606B1F /* FirebaseAppDistribution-Beta */ = {
			isa = XCSwiftPackageProductDependency;
			package = 0223C1682B84A26D00606B1F /* XCRemoteSwiftPackageReference "firebase-ios-sdk" */;
			productName = "FirebaseAppDistribution-Beta";
		};
		0223C1752B84A26E00606B1F /* FirebaseAuth */ = {
			isa = XCSwiftPackageProductDependency;
			package = 0223C1682B84A26D00606B1F /* XCRemoteSwiftPackageReference "firebase-ios-sdk" */;
			productName = FirebaseAuth;
		};
		0223C1772B84A26E00606B1F /* FirebaseAuthCombine-Community */ = {
			isa = XCSwiftPackageProductDependency;
			package = 0223C1682B84A26D00606B1F /* XCRemoteSwiftPackageReference "firebase-ios-sdk" */;
			productName = "FirebaseAuthCombine-Community";
		};
		0223C1792B84A26E00606B1F /* FirebaseCrashlytics */ = {
			isa = XCSwiftPackageProductDependency;
			package = 0223C1682B84A26D00606B1F /* XCRemoteSwiftPackageReference "firebase-ios-sdk" */;
			productName = FirebaseCrashlytics;
		};
		0223C17B2B84A26E00606B1F /* FirebaseDatabase */ = {
			isa = XCSwiftPackageProductDependency;
			package = 0223C1682B84A26D00606B1F /* XCRemoteSwiftPackageReference "firebase-ios-sdk" */;
			productName = FirebaseDatabase;
		};
		0223C17D2B84A26E00606B1F /* FirebaseDatabaseSwift */ = {
			isa = XCSwiftPackageProductDependency;
			package = 0223C1682B84A26D00606B1F /* XCRemoteSwiftPackageReference "firebase-ios-sdk" */;
			productName = FirebaseDatabaseSwift;
		};
		0223C17F2B84A26E00606B1F /* FirebaseDynamicLinks */ = {
			isa = XCSwiftPackageProductDependency;
			package = 0223C1682B84A26D00606B1F /* XCRemoteSwiftPackageReference "firebase-ios-sdk" */;
			productName = FirebaseDynamicLinks;
		};
		0223C1812B84A26E00606B1F /* FirebaseFirestore */ = {
			isa = XCSwiftPackageProductDependency;
			package = 0223C1682B84A26D00606B1F /* XCRemoteSwiftPackageReference "firebase-ios-sdk" */;
			productName = FirebaseFirestore;
		};
		0223C1832B84A26E00606B1F /* FirebaseFirestoreCombine-Community */ = {
			isa = XCSwiftPackageProductDependency;
			package = 0223C1682B84A26D00606B1F /* XCRemoteSwiftPackageReference "firebase-ios-sdk" */;
			productName = "FirebaseFirestoreCombine-Community";
		};
		0223C1852B84A26E00606B1F /* FirebaseFirestoreSwift */ = {
			isa = XCSwiftPackageProductDependency;
			package = 0223C1682B84A26D00606B1F /* XCRemoteSwiftPackageReference "firebase-ios-sdk" */;
			productName = FirebaseFirestoreSwift;
		};
		0223C1872B84A26E00606B1F /* FirebaseFunctions */ = {
			isa = XCSwiftPackageProductDependency;
			package = 0223C1682B84A26D00606B1F /* XCRemoteSwiftPackageReference "firebase-ios-sdk" */;
			productName = FirebaseFunctions;
		};
		0223C1892B84A26E00606B1F /* FirebaseFunctionsCombine-Community */ = {
			isa = XCSwiftPackageProductDependency;
			package = 0223C1682B84A26D00606B1F /* XCRemoteSwiftPackageReference "firebase-ios-sdk" */;
			productName = "FirebaseFunctionsCombine-Community";
		};
		0223C18B2B84A26E00606B1F /* FirebaseInAppMessaging-Beta */ = {
			isa = XCSwiftPackageProductDependency;
			package = 0223C1682B84A26D00606B1F /* XCRemoteSwiftPackageReference "firebase-ios-sdk" */;
			productName = "FirebaseInAppMessaging-Beta";
		};
		0223C18D2B84A26E00606B1F /* FirebaseInAppMessagingSwift-Beta */ = {
			isa = XCSwiftPackageProductDependency;
			package = 0223C1682B84A26D00606B1F /* XCRemoteSwiftPackageReference "firebase-ios-sdk" */;
			productName = "FirebaseInAppMessagingSwift-Beta";
		};
		0223C18F2B84A26E00606B1F /* FirebaseInstallations */ = {
			isa = XCSwiftPackageProductDependency;
			package = 0223C1682B84A26D00606B1F /* XCRemoteSwiftPackageReference "firebase-ios-sdk" */;
			productName = FirebaseInstallations;
		};
		0223C1912B84A26E00606B1F /* FirebaseMLModelDownloader */ = {
			isa = XCSwiftPackageProductDependency;
			package = 0223C1682B84A26D00606B1F /* XCRemoteSwiftPackageReference "firebase-ios-sdk" */;
			productName = FirebaseMLModelDownloader;
		};
		0223C1932B84A26E00606B1F /* FirebaseMessaging */ = {
			isa = XCSwiftPackageProductDependency;
			package = 0223C1682B84A26D00606B1F /* XCRemoteSwiftPackageReference "firebase-ios-sdk" */;
			productName = FirebaseMessaging;
		};
		0223C1952B84A26E00606B1F /* FirebasePerformance */ = {
			isa = XCSwiftPackageProductDependency;
			package = 0223C1682B84A26D00606B1F /* XCRemoteSwiftPackageReference "firebase-ios-sdk" */;
			productName = FirebasePerformance;
		};
		0223C1972B84A26E00606B1F /* FirebaseRemoteConfig */ = {
			isa = XCSwiftPackageProductDependency;
			package = 0223C1682B84A26D00606B1F /* XCRemoteSwiftPackageReference "firebase-ios-sdk" */;
			productName = FirebaseRemoteConfig;
		};
		0223C1992B84A26E00606B1F /* FirebaseRemoteConfigSwift */ = {
			isa = XCSwiftPackageProductDependency;
			package = 0223C1682B84A26D00606B1F /* XCRemoteSwiftPackageReference "firebase-ios-sdk" */;
			productName = FirebaseRemoteConfigSwift;
		};
		0223C19B2B84A26E00606B1F /* FirebaseStorage */ = {
			isa = XCSwiftPackageProductDependency;
			package = 0223C1682B84A26D00606B1F /* XCRemoteSwiftPackageReference "firebase-ios-sdk" */;
			productName = FirebaseStorage;
		};
		0223C19D2B84A26E00606B1F /* FirebaseStorageCombine-Community */ = {
			isa = XCSwiftPackageProductDependency;
			package = 0223C1682B84A26D00606B1F /* XCRemoteSwiftPackageReference "firebase-ios-sdk" */;
			productName = "FirebaseStorageCombine-Community";
		};
/* End XCSwiftPackageProductDependency section */
	};
	rootObject = 026627882B847CC600C3F4A2 /* Project object */;
}
